{
  "nodes": {
    "flake-utils": {
      "locked": {
        "lastModified": 1623660459,
        "narHash": "sha256-OTmOsh43po7r5F9s9H6lVCBQ2b0FikWbmiwLbMAGRdw=",
        "owner": "numtide",
        "repo": "flake-utils",
        "rev": "98c8d36b1828009b20f12544214683c7489935a1",
        "type": "github"
      },
      "original": {
        "owner": "numtide",
        "repo": "flake-utils",
        "type": "github"
      }
    },
    "nixpkgs": {
      "locked": {
        "lastModified": 1623580589,
        "narHash": "sha256-Ayp1cjXpwFCkAiWUE46rj9APTltsiEBdIs2+cj+U7+c=",
        "owner": "NixOS",
        "repo": "nixpkgs",
        "rev": "fa0326ce5233f7d592271df52c9d0812bec47b84",
        "type": "github"
      },
      "original": {
        "owner": "NixOS",
        "ref": "nixos-unstable",
        "repo": "nixpkgs",
        "type": "github"
      }
    },
    "root": {
      "inputs": {
        "flake-utils": "flake-utils",
        "nixpkgs": "nixpkgs"
      }
    }
  },
  "root": "root",
  "version": 7
}
