{
  "berberman": {
    "rev": "19ebbc177d34fa710e02887996eafce00606587c"
  },
  "eh5": {
    "rev": "c2ed17d92a61c5168a1d235d18b1270f6def58ab"
  },
  "linyinfeng": {
    "rev": "47bd72917eefc4ec34b830a2f366d50efbe0ed41"
  },
  "netkit": {
    "rev": "29f750af4fabee7b8eccb5ab00df7074b73c7658"
  },
  "nickcao": {
    "rev": "f8da018993b89277e74fe4785cd801c94b576caf"
  }
}
