{
  "berberman": {
    "rev": "fd3e13aa2278eebbc72179fb30194e25c78ee068"
  },
  "eh5": {
    "rev": "177716037ffed55b48fe695381559d44e4814cc2"
  },
  "linyinfeng": {
    "rev": "ea76be60017f35a56814ba905137f4be81fcc3ed"
  },
  "netkit": {
    "rev": "29f750af4fabee7b8eccb5ab00df7074b73c7658"
  },
  "nickcao": {
    "rev": "f8da018993b89277e74fe4785cd801c94b576caf"
  }
}
