{
  "berberman": {
    "rev": "b314c0192b19956097df96953113c100f5c31c47"
  },
  "eh5": {
    "rev": "2b8692e8d1ce54af09a033ca1a6d653ee6e679c7"
  },
  "linyinfeng": {
    "rev": "5b6a5e924c8d6b315449122d084047652f41c517"
  },
  "netkit": {
    "rev": "29f750af4fabee7b8eccb5ab00df7074b73c7658"
  },
  "nickcao": {
    "rev": "1796140d5cf9ace70e5f81b8e9855d27e40fb40a"
  }
}
